
Microsoft Visual Studio Solution File, Format Version 12.00
# Visual Studio 2013
VisualStudioVersion = 12.0.31101.0
MinimumVisualStudioVersion = 10.0.40219.1
Project("{2150E333-8FDC-42A3-9474-1A3956D46DE8}") = "Infrastructure", "Infrastructure", "{58FB28DB-EBA3-4DF3-B858-2B8ECAC3DBFE}"
EndProject
Project("{2150E333-8FDC-42A3-9474-1A3956D46DE8}") = "Api", "Api", "{B8A9E615-C68B-4CC4-A49C-7690F0B4727E}"
EndProject
Project("{2150E333-8FDC-42A3-9474-1A3956D46DE8}") = "UI", "UI", "{7962C9B7-1185-47F3-BD3B-14BD7A3DE5CA}"
EndProject
Project("{FAE04EC0-301F-11D3-BF4B-00C04F79EFBC}") = "ConsoleHttpClientSE", "ConsoleHttpClient\ConsoleHttpClientSE.csproj", "{D2AF02B8-A9C3-42BB-9D8A-AF682AE8CC14}"
EndProject
Project("{FAE04EC0-301F-11D3-BF4B-00C04F79EFBC}") = "DemoWebApi", "DemoWebApi\DemoWebApi.csproj", "{3B452B8C-34D3-44A3-9329-D9EDAA8D16F2}"
EndProject
Project("{FAE04EC0-301F-11D3-BF4B-00C04F79EFBC}") = "HttpClientSE", "HttpClientSE\HttpClientSE.csproj", "{D57A9682-1C8A-4FC9-B6B8-1955C1CBBED9}"
EndProject
Project("{2150E333-8FDC-42A3-9474-1A3956D46DE8}") = "DBSimpleMemberShipProvider", "DBSimpleMemberShipProvider", "{819E32FA-CCA2-433D-8DE7-3B2A8E4598B6}"
EndProject
Project("{00D1A9C2-B5F0-4AF3-8072-F6C62B433612}") = "SMP", "SMP\SMP.sqlproj", "{A3121767-EEFC-410C-B0C0-64C7A1B000B7}"
EndProject
Global
	GlobalSection(TeamFoundationVersionControl) = preSolution
		SccNumberOfProjects = 5
		SccEnterpriseProvider = {4CA58AB2-18FA-4F8D-95D4-32DDF27D184C}
		SccTeamFoundationServer = http://k0vcs:8080/tfs/defaultcollection
		SccLocalPath0 = .
		SccProjectUniqueName1 = DemoWebApi\\DemoWebApi.csproj
		SccProjectTopLevelParentUniqueName1 = DemoApiInMemory.sln
		SccProjectName1 = DemoWebApi
		SccLocalPath1 = DemoWebApi
		SccProjectUniqueName2 = ConsoleHttpClient\\ConsoleHttpClientSE.csproj
		SccProjectTopLevelParentUniqueName2 = DemoApiInMemory.sln
		SccProjectName2 = ConsoleHttpClient
		SccLocalPath2 = ConsoleHttpClient
		SccProjectUniqueName3 = HttpClientSE\\HttpClientSE.csproj
		SccProjectTopLevelParentUniqueName3 = DemoApiInMemory.sln
		SccProjectName3 = HttpClientSE
		SccLocalPath3 = HttpClientSE
		SccProjectUniqueName4 = SMP\\SMP.sqlproj
		SccProjectTopLevelParentUniqueName4 = DemoApiInMemory.sln
		SccProjectName4 = SMP
		SccLocalPath4 = SMP
	EndGlobalSection
	GlobalSection(SolutionConfigurationPlatforms) = preSolution
		Debug|Any CPU = Debug|Any CPU
		Release|Any CPU = Release|Any CPU
	EndGlobalSection
	GlobalSection(ProjectConfigurationPlatforms) = postSolution
		{D2AF02B8-A9C3-42BB-9D8A-AF682AE8CC14}.Debug|Any CPU.ActiveCfg = Debug|Any CPU
		{D2AF02B8-A9C3-42BB-9D8A-AF682AE8CC14}.Debug|Any CPU.Build.0 = Debug|Any CPU
		{D2AF02B8-A9C3-42BB-9D8A-AF682AE8CC14}.Release|Any CPU.ActiveCfg = Release|Any CPU
		{D2AF02B8-A9C3-42BB-9D8A-AF682AE8CC14}.Release|Any CPU.Build.0 = Release|Any CPU
		{3B452B8C-34D3-44A3-9329-D9EDAA8D16F2}.Debug|Any CPU.ActiveCfg = Debug|Any CPU
		{3B452B8C-34D3-44A3-9329-D9EDAA8D16F2}.Debug|Any CPU.Build.0 = Debug|Any CPU
		{3B452B8C-34D3-44A3-9329-D9EDAA8D16F2}.Release|Any CPU.ActiveCfg = Release|Any CPU
		{3B452B8C-34D3-44A3-9329-D9EDAA8D16F2}.Release|Any CPU.Build.0 = Release|Any CPU
		{D57A9682-1C8A-4FC9-B6B8-1955C1CBBED9}.Debug|Any CPU.ActiveCfg = Debug|Any CPU
		{D57A9682-1C8A-4FC9-B6B8-1955C1CBBED9}.Debug|Any CPU.Build.0 = Debug|Any CPU
		{D57A9682-1C8A-4FC9-B6B8-1955C1CBBED9}.Release|Any CPU.ActiveCfg = Release|Any CPU
		{D57A9682-1C8A-4FC9-B6B8-1955C1CBBED9}.Release|Any CPU.Build.0 = Release|Any CPU
		{A3121767-EEFC-410C-B0C0-64C7A1B000B7}.Debug|Any CPU.ActiveCfg = Debug|Any CPU
		{A3121767-EEFC-410C-B0C0-64C7A1B000B7}.Debug|Any CPU.Build.0 = Debug|Any CPU
		{A3121767-EEFC-410C-B0C0-64C7A1B000B7}.Debug|Any CPU.Deploy.0 = Debug|Any CPU
		{A3121767-EEFC-410C-B0C0-64C7A1B000B7}.Release|Any CPU.ActiveCfg = Release|Any CPU
		{A3121767-EEFC-410C-B0C0-64C7A1B000B7}.Release|Any CPU.Build.0 = Release|Any CPU
		{A3121767-EEFC-410C-B0C0-64C7A1B000B7}.Release|Any CPU.Deploy.0 = Release|Any CPU
	EndGlobalSection
	GlobalSection(SolutionProperties) = preSolution
		HideSolutionNode = FALSE
	EndGlobalSection
	GlobalSection(NestedProjects) = preSolution
		{D2AF02B8-A9C3-42BB-9D8A-AF682AE8CC14} = {7962C9B7-1185-47F3-BD3B-14BD7A3DE5CA}
		{3B452B8C-34D3-44A3-9329-D9EDAA8D16F2} = {B8A9E615-C68B-4CC4-A49C-7690F0B4727E}
		{D57A9682-1C8A-4FC9-B6B8-1955C1CBBED9} = {58FB28DB-EBA3-4DF3-B858-2B8ECAC3DBFE}
		{A3121767-EEFC-410C-B0C0-64C7A1B000B7} = {819E32FA-CCA2-433D-8DE7-3B2A8E4598B6}
	EndGlobalSection
EndGlobal
